Microsoft Visual Studio Solution File, Format Version 11.00
# Visual Studio 2008

Project("{9FCDBED8-3D4F-C2D0-89E5-8063FAFF9875}") = "AR_Game", "Assembly-CSharp-firstpass.csproj", "{80700396-C922-1056-ADB6-509A520B7DBD}"
EndProject
Project("{9FCDBED8-3D4F-C2D0-89E5-8063FAFF9875}") = "AR_Game", "Assembly-CSharp.csproj", "{57EEDCD3-1E03-2B58-FED5-E9E94BE36CE0}"
EndProject
Project("{9FCDBED8-3D4F-C2D0-89E5-8063FAFF9875}") = "AR_Game", "Assembly-CSharp-Editor.csproj", "{522507C9-A8AC-0D97-56FF-053FC701650B}"
EndProject
Global
	GlobalSection(SolutionConfigurationPlatforms) = preSolution
		Debug|Any CPU = Debug|Any CPU
		Release|Any CPU = Release|Any CPU
	EndGlobalSection
	GlobalSection(ProjectConfigurationPlatforms) = postSolution
		{80700396-C922-1056-ADB6-509A520B7DBD}.Debug|Any CPU.ActiveCfg = Debug|Any CPU
		{80700396-C922-1056-ADB6-509A520B7DBD}.Debug|Any CPU.Build.0 = Debug|Any CPU
		{80700396-C922-1056-ADB6-509A520B7DBD}.Release|Any CPU.ActiveCfg = Release|Any CPU
		{80700396-C922-1056-ADB6-509A520B7DBD}.Release|Any CPU.Build.0 = Release|Any CPU
		{57EEDCD3-1E03-2B58-FED5-E9E94BE36CE0}.Debug|Any CPU.ActiveCfg = Debug|Any CPU
		{57EEDCD3-1E03-2B58-FED5-E9E94BE36CE0}.Debug|Any CPU.Build.0 = Debug|Any CPU
		{57EEDCD3-1E03-2B58-FED5-E9E94BE36CE0}.Release|Any CPU.ActiveCfg = Release|Any CPU
		{57EEDCD3-1E03-2B58-FED5-E9E94BE36CE0}.Release|Any CPU.Build.0 = Release|Any CPU
		{522507C9-A8AC-0D97-56FF-053FC701650B}.Debug|Any CPU.ActiveCfg = Debug|Any CPU
		{522507C9-A8AC-0D97-56FF-053FC701650B}.Debug|Any CPU.Build.0 = Debug|Any CPU
		{522507C9-A8AC-0D97-56FF-053FC701650B}.Release|Any CPU.ActiveCfg = Release|Any CPU
		{522507C9-A8AC-0D97-56FF-053FC701650B}.Release|Any CPU.Build.0 = Release|Any CPU
	EndGlobalSection
	GlobalSection(SolutionProperties) = preSolution
		HideSolutionNode = FALSE
	EndGlobalSection
	GlobalSection(MonoDevelopProperties) = preSolution
		StartupItem = Assembly-CSharp.csproj
	EndGlobalSection
EndGlobal
